
Microsoft Visual Studio Solution File, Format Version 11.00
# Visual Studio 2010
Project("{FAE04EC0-301F-11D3-BF4B-00C04F79EFBC}") = "basicTuner", "WindowsGame1\WindowsGame1\basicTuner.csproj", "{973A41A7-77E5-4940-933B-07952D545814}"
EndProject
Project("{FAE04EC0-301F-11D3-BF4B-00C04F79EFBC}") = "WindowsGame1Content", "WindowsGame1\WindowsGame1Content\WindowsGame1Content.contentproj", "{87BC247A-70E8-4668-856A-F78DC7617639}"
EndProject
Global
	GlobalSection(SolutionConfigurationPlatforms) = preSolution
		Debug|Any CPU = Debug|Any CPU
		Debug|Mixed Platforms = Debug|Mixed Platforms
		Debug|x86 = Debug|x86
		Release|Any CPU = Release|Any CPU
		Release|Mixed Platforms = Release|Mixed Platforms
		Release|x86 = Release|x86
	EndGlobalSection
	GlobalSection(ProjectConfigurationPlatforms) = postSolution
		{973A41A7-77E5-4940-933B-07952D545814}.Debug|Any CPU.ActiveCfg = Debug|x86
		{973A41A7-77E5-4940-933B-07952D545814}.Debug|Mixed Platforms.ActiveCfg = Debug|x86
		{973A41A7-77E5-4940-933B-07952D545814}.Debug|Mixed Platforms.Build.0 = Debug|x86
		{973A41A7-77E5-4940-933B-07952D545814}.Debug|x86.ActiveCfg = Debug|x86
		{973A41A7-77E5-4940-933B-07952D545814}.Debug|x86.Build.0 = Debug|x86
		{973A41A7-77E5-4940-933B-07952D545814}.Release|Any CPU.ActiveCfg = Release|x86
		{973A41A7-77E5-4940-933B-07952D545814}.Release|Mixed Platforms.ActiveCfg = Release|x86
		{973A41A7-77E5-4940-933B-07952D545814}.Release|Mixed Platforms.Build.0 = Release|x86
		{973A41A7-77E5-4940-933B-07952D545814}.Release|x86.ActiveCfg = Release|x86
		{973A41A7-77E5-4940-933B-07952D545814}.Release|x86.Build.0 = Release|x86
		{87BC247A-70E8-4668-856A-F78DC7617639}.Debug|Any CPU.ActiveCfg = Debug|x86
		{87BC247A-70E8-4668-856A-F78DC7617639}.Debug|Mixed Platforms.ActiveCfg = Debug|x86
		{87BC247A-70E8-4668-856A-F78DC7617639}.Debug|x86.ActiveCfg = Debug|x86
		{87BC247A-70E8-4668-856A-F78DC7617639}.Release|Any CPU.ActiveCfg = Release|x86
		{87BC247A-70E8-4668-856A-F78DC7617639}.Release|Mixed Platforms.ActiveCfg = Release|x86
		{87BC247A-70E8-4668-856A-F78DC7617639}.Release|x86.ActiveCfg = Release|x86
	EndGlobalSection
	GlobalSection(SolutionProperties) = preSolution
		HideSolutionNode = FALSE
	EndGlobalSection
EndGlobal
